
Microsoft Visual Studio Solution File, Format Version 12.00
# Visual Studio 15
VisualStudioVersion = 15.0.28307.645
MinimumVisualStudioVersion = 10.0.40219.1
Project("{9A19103F-16F7-4668-BE54-9A1E7A4F7556}") = "Avatar", "Avatar\Avatar.csproj", "{96CC8BBC-5F4C-4FF9-A9A3-A93F23EEFF9D}"
EndProject
Project("{9A19103F-16F7-4668-BE54-9A1E7A4F7556}") = "ng-oidc-client-server", "Auth\ng-oidc-client-server.csproj", "{00762672-4B75-4B38-80CB-E51B2EE2A84D}"
EndProject
Global
	GlobalSection(SolutionConfigurationPlatforms) = preSolution
		Debug|Any CPU = Debug|Any CPU
		Release|Any CPU = Release|Any CPU
	EndGlobalSection
	GlobalSection(ProjectConfigurationPlatforms) = postSolution
		{96CC8BBC-5F4C-4FF9-A9A3-A93F23EEFF9D}.Debug|Any CPU.ActiveCfg = Debug|Any CPU
		{96CC8BBC-5F4C-4FF9-A9A3-A93F23EEFF9D}.Debug|Any CPU.Build.0 = Debug|Any CPU
		{96CC8BBC-5F4C-4FF9-A9A3-A93F23EEFF9D}.Release|Any CPU.ActiveCfg = Release|Any CPU
		{96CC8BBC-5F4C-4FF9-A9A3-A93F23EEFF9D}.Release|Any CPU.Build.0 = Release|Any CPU
		{00762672-4B75-4B38-80CB-E51B2EE2A84D}.Debug|Any CPU.ActiveCfg = Debug|Any CPU
		{00762672-4B75-4B38-80CB-E51B2EE2A84D}.Debug|Any CPU.Build.0 = Debug|Any CPU
		{00762672-4B75-4B38-80CB-E51B2EE2A84D}.Release|Any CPU.ActiveCfg = Release|Any CPU
		{00762672-4B75-4B38-80CB-E51B2EE2A84D}.Release|Any CPU.Build.0 = Release|Any CPU
	EndGlobalSection
	GlobalSection(SolutionProperties) = preSolution
		HideSolutionNode = FALSE
	EndGlobalSection
	GlobalSection(ExtensibilityGlobals) = postSolution
		SolutionGuid = {EBE0DBE3-9C7C-4971-996F-79A8823CE226}
	EndGlobalSection
EndGlobal
