
Microsoft Visual Studio Solution File, Format Version 12.00
# Visual Studio 15
VisualStudioVersion = 15.0.28307.572
MinimumVisualStudioVersion = 10.0.40219.1
Project("{9A19103F-16F7-4668-BE54-9A1E7A4F7556}") = "ng-oidc-client-server", "ng-oidc-client-server.csproj", "{5E30D081-DFCB-44D5-AE0D-F6580549EBAE}"
EndProject
Global
	GlobalSection(SolutionConfigurationPlatforms) = preSolution
		Debug|Any CPU = Debug|Any CPU
		Release|Any CPU = Release|Any CPU
	EndGlobalSection
	GlobalSection(ProjectConfigurationPlatforms) = postSolution
		{5E30D081-DFCB-44D5-AE0D-F6580549EBAE}.Debug|Any CPU.ActiveCfg = Debug|Any CPU
		{5E30D081-DFCB-44D5-AE0D-F6580549EBAE}.Debug|Any CPU.Build.0 = Debug|Any CPU
		{5E30D081-DFCB-44D5-AE0D-F6580549EBAE}.Release|Any CPU.ActiveCfg = Release|Any CPU
		{5E30D081-DFCB-44D5-AE0D-F6580549EBAE}.Release|Any CPU.Build.0 = Release|Any CPU
	EndGlobalSection
	GlobalSection(SolutionProperties) = preSolution
		HideSolutionNode = FALSE
	EndGlobalSection
	GlobalSection(ExtensibilityGlobals) = postSolution
		SolutionGuid = {62B960A2-D580-486F-8137-CCF566175E2A}
	EndGlobalSection
EndGlobal
